
Microsoft Visual Studio Solution File, Format Version 12.00
# Visual Studio 15
VisualStudioVersion = 15.0.28307.1259
MinimumVisualStudioVersion = 10.0.40219.1
Project("{FAE04EC0-301F-11D3-BF4B-00C04F79EFBC}") = "VotingSeymScraping", "VotingSeymScraping\VotingSeymScraping.csproj", "{AB240986-C2FE-4DD0-A632-535EDA83D4AD}"
EndProject
Project("{FAE04EC0-301F-11D3-BF4B-00C04F79EFBC}") = "Scraper", "Scraper\Scraper.csproj", "{FDB0C37D-BE91-4EBF-9287-04E3CE398EE8}"
EndProject
Global
	GlobalSection(SolutionConfigurationPlatforms) = preSolution
		Debug|Any CPU = Debug|Any CPU
		Release|Any CPU = Release|Any CPU
	EndGlobalSection
	GlobalSection(ProjectConfigurationPlatforms) = postSolution
		{AB240986-C2FE-4DD0-A632-535EDA83D4AD}.Debug|Any CPU.ActiveCfg = Debug|Any CPU
		{AB240986-C2FE-4DD0-A632-535EDA83D4AD}.Debug|Any CPU.Build.0 = Debug|Any CPU
		{AB240986-C2FE-4DD0-A632-535EDA83D4AD}.Release|Any CPU.ActiveCfg = Release|Any CPU
		{AB240986-C2FE-4DD0-A632-535EDA83D4AD}.Release|Any CPU.Build.0 = Release|Any CPU
		{FDB0C37D-BE91-4EBF-9287-04E3CE398EE8}.Debug|Any CPU.ActiveCfg = Debug|Any CPU
		{FDB0C37D-BE91-4EBF-9287-04E3CE398EE8}.Release|Any CPU.ActiveCfg = Release|Any CPU
		{FDB0C37D-BE91-4EBF-9287-04E3CE398EE8}.Release|Any CPU.Build.0 = Release|Any CPU
	EndGlobalSection
	GlobalSection(SolutionProperties) = preSolution
		HideSolutionNode = FALSE
	EndGlobalSection
	GlobalSection(ExtensibilityGlobals) = postSolution
		SolutionGuid = {FCCC6B7B-E50D-4B6D-9082-FFF43B753B47}
	EndGlobalSection
EndGlobal
